{
  "requires": true,
  "lockfileVersion": 1,
  "dependencies": {
    "ivp-palindrome": {
      "version": "1.0.0",
      "resolved": "https://registry.npmjs.org/ivp-palindrome/-/ivp-palindrome-1.0.0.tgz",
      "integrity": "sha512-UAKjasJcjcx8K2oQCCJPD7bWUd2IYUKe4HqaRZLUW6irRCHUqYgnt+7LlqPeXW1PiEuNzX9vMunMKBTO2Ajvsw=="
    }
  }
}
